
Microsoft Visual Studio Solution File, Format Version 12.00
# Visual Studio Version 17
VisualStudioVersion = 17.3.32819.101
MinimumVisualStudioVersion = 10.0.40219.1
Project("{2150E333-8FDC-42A3-9474-1A3956D46DE8}") = "Services", "Services", "{DA06EB00-B25D-48E2-8777-5060739113E3}"
EndProject
Project("{2150E333-8FDC-42A3-9474-1A3956D46DE8}") = "Catalog", "Catalog", "{A26E4B69-E321-42AF-9A7D-735C6A00A5FD}"
EndProject
Project("{9A19103F-16F7-4668-BE54-9A1E7A4F7556}") = "Catalog.API", "Services\Catalog\Catalog.API\Catalog.API.csproj", "{3FD8CAF9-951E-4548-9476-55C864D3A5B3}"
EndProject
Project("{E53339B2-1760-4266-BCC7-CA923CBCF16C}") = "docker-compose", "docker-compose.dcproj", "{B9DD632E-93D6-427D-AEB3-063CA85A513A}"
EndProject
Project("{2150E333-8FDC-42A3-9474-1A3956D46DE8}") = "Basket", "Basket", "{561A668E-84BB-4F57-B36C-0ECC44A896D2}"
EndProject
Project("{9A19103F-16F7-4668-BE54-9A1E7A4F7556}") = "Basket.API", "Services\Basket\Basket.API\Basket.API.csproj", "{E2862CE4-044F-4570-B5CA-E29861BE3B72}"
EndProject
Project("{2150E333-8FDC-42A3-9474-1A3956D46DE8}") = "Discount", "Discount", "{E69B1273-85D3-4E81-A7E8-D63B252A446B}"
EndProject
Project("{9A19103F-16F7-4668-BE54-9A1E7A4F7556}") = "Discount.API", "Services\Discount\Discount.API\Discount.API.csproj", "{EB537E04-2BBF-4062-B8E4-5F2B6FE4C339}"
EndProject
Project("{FAE04EC0-301F-11D3-BF4B-00C04F79EFBC}") = "Discount.Grpc", "Services\Discount\Discount.Grpc\Discount.Grpc.csproj", "{80E16818-583D-45C4-9198-FC120F2495AB}"
EndProject
Global
	GlobalSection(SolutionConfigurationPlatforms) = preSolution
		Debug|Any CPU = Debug|Any CPU
		Release|Any CPU = Release|Any CPU
	EndGlobalSection
	GlobalSection(ProjectConfigurationPlatforms) = postSolution
		{3FD8CAF9-951E-4548-9476-55C864D3A5B3}.Debug|Any CPU.ActiveCfg = Debug|Any CPU
		{3FD8CAF9-951E-4548-9476-55C864D3A5B3}.Debug|Any CPU.Build.0 = Debug|Any CPU
		{3FD8CAF9-951E-4548-9476-55C864D3A5B3}.Release|Any CPU.ActiveCfg = Release|Any CPU
		{3FD8CAF9-951E-4548-9476-55C864D3A5B3}.Release|Any CPU.Build.0 = Release|Any CPU
		{B9DD632E-93D6-427D-AEB3-063CA85A513A}.Debug|Any CPU.ActiveCfg = Debug|Any CPU
		{B9DD632E-93D6-427D-AEB3-063CA85A513A}.Debug|Any CPU.Build.0 = Debug|Any CPU
		{B9DD632E-93D6-427D-AEB3-063CA85A513A}.Release|Any CPU.ActiveCfg = Release|Any CPU
		{B9DD632E-93D6-427D-AEB3-063CA85A513A}.Release|Any CPU.Build.0 = Release|Any CPU
		{E2862CE4-044F-4570-B5CA-E29861BE3B72}.Debug|Any CPU.ActiveCfg = Debug|Any CPU
		{E2862CE4-044F-4570-B5CA-E29861BE3B72}.Debug|Any CPU.Build.0 = Debug|Any CPU
		{E2862CE4-044F-4570-B5CA-E29861BE3B72}.Release|Any CPU.ActiveCfg = Release|Any CPU
		{E2862CE4-044F-4570-B5CA-E29861BE3B72}.Release|Any CPU.Build.0 = Release|Any CPU
		{EB537E04-2BBF-4062-B8E4-5F2B6FE4C339}.Debug|Any CPU.ActiveCfg = Debug|Any CPU
		{EB537E04-2BBF-4062-B8E4-5F2B6FE4C339}.Debug|Any CPU.Build.0 = Debug|Any CPU
		{EB537E04-2BBF-4062-B8E4-5F2B6FE4C339}.Release|Any CPU.ActiveCfg = Release|Any CPU
		{EB537E04-2BBF-4062-B8E4-5F2B6FE4C339}.Release|Any CPU.Build.0 = Release|Any CPU
		{80E16818-583D-45C4-9198-FC120F2495AB}.Debug|Any CPU.ActiveCfg = Debug|Any CPU
		{80E16818-583D-45C4-9198-FC120F2495AB}.Debug|Any CPU.Build.0 = Debug|Any CPU
		{80E16818-583D-45C4-9198-FC120F2495AB}.Release|Any CPU.ActiveCfg = Release|Any CPU
		{80E16818-583D-45C4-9198-FC120F2495AB}.Release|Any CPU.Build.0 = Release|Any CPU
	EndGlobalSection
	GlobalSection(SolutionProperties) = preSolution
		HideSolutionNode = FALSE
	EndGlobalSection
	GlobalSection(NestedProjects) = preSolution
		{A26E4B69-E321-42AF-9A7D-735C6A00A5FD} = {DA06EB00-B25D-48E2-8777-5060739113E3}
		{3FD8CAF9-951E-4548-9476-55C864D3A5B3} = {A26E4B69-E321-42AF-9A7D-735C6A00A5FD}
		{561A668E-84BB-4F57-B36C-0ECC44A896D2} = {DA06EB00-B25D-48E2-8777-5060739113E3}
		{E2862CE4-044F-4570-B5CA-E29861BE3B72} = {561A668E-84BB-4F57-B36C-0ECC44A896D2}
		{E69B1273-85D3-4E81-A7E8-D63B252A446B} = {DA06EB00-B25D-48E2-8777-5060739113E3}
		{EB537E04-2BBF-4062-B8E4-5F2B6FE4C339} = {E69B1273-85D3-4E81-A7E8-D63B252A446B}
		{80E16818-583D-45C4-9198-FC120F2495AB} = {E69B1273-85D3-4E81-A7E8-D63B252A446B}
	EndGlobalSection
	GlobalSection(ExtensibilityGlobals) = postSolution
		SolutionGuid = {94460AFF-81DF-4B24-9DC5-04A36ABF9AB3}
	EndGlobalSection
EndGlobal
